
Microsoft Visual Studio Solution File, Format Version 12.00
# Visual Studio Version 17
VisualStudioVersion = 17.9.34728.123
MinimumVisualStudioVersion = 10.0.40219.1
Project("{FAE04EC0-301F-11D3-BF4B-00C04F79EFBC}") = "AuthenticationVeAuthorization.WebAPI", "AuthenticationVeAuthorization.WebAPI\AuthenticationVeAuthorization.WebAPI.csproj", "{7C2F0864-C5B2-4410-8BF8-13CDC305BBB9}"
EndProject
Global
	GlobalSection(SolutionConfigurationPlatforms) = preSolution
		Debug|Any CPU = Debug|Any CPU
		Release|Any CPU = Release|Any CPU
	EndGlobalSection
	GlobalSection(ProjectConfigurationPlatforms) = postSolution
		{7C2F0864-C5B2-4410-8BF8-13CDC305BBB9}.Debug|Any CPU.ActiveCfg = Debug|Any CPU
		{7C2F0864-C5B2-4410-8BF8-13CDC305BBB9}.Debug|Any CPU.Build.0 = Debug|Any CPU
		{7C2F0864-C5B2-4410-8BF8-13CDC305BBB9}.Release|Any CPU.ActiveCfg = Release|Any CPU
		{7C2F0864-C5B2-4410-8BF8-13CDC305BBB9}.Release|Any CPU.Build.0 = Release|Any CPU
	EndGlobalSection
	GlobalSection(SolutionProperties) = preSolution
		HideSolutionNode = FALSE
	EndGlobalSection
	GlobalSection(ExtensibilityGlobals) = postSolution
		SolutionGuid = {2AEC3AA1-6DD9-46E5-B404-065E243BC8FA}
	EndGlobalSection
EndGlobal
