
Microsoft Visual Studio Solution File, Format Version 12.00
# Visual Studio Version 17
VisualStudioVersion = 17.9.34728.123
MinimumVisualStudioVersion = 10.0.40219.1
Project("{FAE04EC0-301F-11D3-BF4B-00C04F79EFBC}") = "First.WEBAPI", "First.WEBAPI.csproj", "{A68F5B62-B002-4AB8-879C-6D7AA8FFE252}"
EndProject
Global
	GlobalSection(SolutionConfigurationPlatforms) = preSolution
		Debug|Any CPU = Debug|Any CPU
		Release|Any CPU = Release|Any CPU
	EndGlobalSection
	GlobalSection(ProjectConfigurationPlatforms) = postSolution
		{A68F5B62-B002-4AB8-879C-6D7AA8FFE252}.Debug|Any CPU.ActiveCfg = Debug|Any CPU
		{A68F5B62-B002-4AB8-879C-6D7AA8FFE252}.Debug|Any CPU.Build.0 = Debug|Any CPU
		{A68F5B62-B002-4AB8-879C-6D7AA8FFE252}.Release|Any CPU.ActiveCfg = Release|Any CPU
		{A68F5B62-B002-4AB8-879C-6D7AA8FFE252}.Release|Any CPU.Build.0 = Release|Any CPU
	EndGlobalSection
	GlobalSection(SolutionProperties) = preSolution
		HideSolutionNode = FALSE
	EndGlobalSection
	GlobalSection(ExtensibilityGlobals) = postSolution
		SolutionGuid = {E4B48D7B-60BC-496D-B4D1-7530DABE8DCD}
	EndGlobalSection
EndGlobal
