
Microsoft Visual Studio Solution File, Format Version 12.00
# Visual Studio Version 17
VisualStudioVersion = 17.9.34728.123
MinimumVisualStudioVersion = 10.0.40219.1
Project("{FAE04EC0-301F-11D3-BF4B-00C04F79EFBC}") = "ShopZon.WebAPI", "ShopZon.WebAPI\ShopZon.WebAPI.csproj", "{FB475D55-2D49-4A2B-9493-5FEC3A74C9D0}"
EndProject
Global
	GlobalSection(SolutionConfigurationPlatforms) = preSolution
		Debug|Any CPU = Debug|Any CPU
		Release|Any CPU = Release|Any CPU
	EndGlobalSection
	GlobalSection(ProjectConfigurationPlatforms) = postSolution
		{FB475D55-2D49-4A2B-9493-5FEC3A74C9D0}.Debug|Any CPU.ActiveCfg = Debug|Any CPU
		{FB475D55-2D49-4A2B-9493-5FEC3A74C9D0}.Debug|Any CPU.Build.0 = Debug|Any CPU
		{FB475D55-2D49-4A2B-9493-5FEC3A74C9D0}.Release|Any CPU.ActiveCfg = Release|Any CPU
		{FB475D55-2D49-4A2B-9493-5FEC3A74C9D0}.Release|Any CPU.Build.0 = Release|Any CPU
	EndGlobalSection
	GlobalSection(SolutionProperties) = preSolution
		HideSolutionNode = FALSE
	EndGlobalSection
	GlobalSection(ExtensibilityGlobals) = postSolution
		SolutionGuid = {C6450B09-06CC-4590-9F93-FEE0DC6A7DE5}
	EndGlobalSection
EndGlobal
