
Microsoft Visual Studio Solution File, Format Version 12.00
# Visual Studio Version 17
VisualStudioVersion = 17.9.34728.123
MinimumVisualStudioVersion = 10.0.40219.1
Project("{FAE04EC0-301F-11D3-BF4B-00C04F79EFBC}") = "Middleware.WepAPI", "Middleware.WepAPI\Middleware.WepAPI.csproj", "{3B48E7CF-ABCE-4C67-9546-0E66B6501B74}"
EndProject
Global
	GlobalSection(SolutionConfigurationPlatforms) = preSolution
		Debug|Any CPU = Debug|Any CPU
		Release|Any CPU = Release|Any CPU
	EndGlobalSection
	GlobalSection(ProjectConfigurationPlatforms) = postSolution
		{3B48E7CF-ABCE-4C67-9546-0E66B6501B74}.Debug|Any CPU.ActiveCfg = Debug|Any CPU
		{3B48E7CF-ABCE-4C67-9546-0E66B6501B74}.Debug|Any CPU.Build.0 = Debug|Any CPU
		{3B48E7CF-ABCE-4C67-9546-0E66B6501B74}.Release|Any CPU.ActiveCfg = Release|Any CPU
		{3B48E7CF-ABCE-4C67-9546-0E66B6501B74}.Release|Any CPU.Build.0 = Release|Any CPU
	EndGlobalSection
	GlobalSection(SolutionProperties) = preSolution
		HideSolutionNode = FALSE
	EndGlobalSection
	GlobalSection(ExtensibilityGlobals) = postSolution
		SolutionGuid = {D5299846-A7D4-4BA4-9E05-65FF034A3BEA}
	EndGlobalSection
EndGlobal
